# THIS IS AN AUTOGENERATED FILE. DO NOT EDIT THIS FILE DIRECTLY.
# yarn lockfile v1


"@types/body-parser@*":
  version "1.19.2"
  resolved "https://registry.npmmirror.com/@types/body-parser/-/body-parser-1.19.2.tgz#aea2059e28b7658639081347ac4fab3de166e6f0"
  integrity sha512-ALYone6pm6QmwZoAgeyNksccT9Q4AWZQ6PvfwR37GT6r6FWUPguq6sUmNGSMV2Wr761oQoBxwGGa6DR5o1DC9g==
  dependencies:
    "@types/connect" "*"
    "@types/node" "*"

"@types/connect@*":
  version "3.4.35"
  resolved "https://registry.npmmirror.com/@types/connect/-/connect-3.4.35.tgz#5fcf6ae445e4021d1fc2219a4873cc73a3bb2ad1"
  integrity sha512-cdeYyv4KWoEgpBISTxWvqYsVy444DOqehiF3fM3ne10AmJ62RSyNkUnxMJXHQWRQQX2eR94m5y1IZyDwBjV9FQ==
  dependencies:
    "@types/node" "*"

"@types/express-serve-static-core@^4.17.33":
  version "4.17.33"
  resolved "https://registry.npmmirror.com/@types/express-serve-static-core/-/express-serve-static-core-4.17.33.tgz#de35d30a9d637dc1450ad18dd583d75d5733d543"
  integrity sha512-TPBqmR/HRYI3eC2E5hmiivIzv+bidAfXofM+sbonAGvyDhySGw9/PQZFt2BLOrjUUR++4eJVpx6KnLQK1Fk9tA==
  dependencies:
    "@types/node" "*"
    "@types/qs" "*"
    "@types/range-parser" "*"

"@types/express@*":
  version "4.17.17"
  resolved "https://registry.npmmirror.com/@types/express/-/express-4.17.17.tgz#01d5437f6ef9cfa8668e616e13c2f2ac9a491ae4"
  integrity sha512-Q4FmmuLGBG58btUnfS1c1r/NQdlp3DMfGDGig8WhfpA2YRUtEkxAjkZb0yvplJGYdF1fsQ81iMDcH24sSCNC/Q==
  dependencies:
    "@types/body-parser" "*"
    "@types/express-serve-static-core" "^4.17.33"
    "@types/qs" "*"
    "@types/serve-static" "*"

"@types/mime@*":
  version "3.0.1"
  resolved "https://registry.npmmirror.com/@types/mime/-/mime-3.0.1.tgz#5f8f2bca0a5863cb69bc0b0acd88c96cb1d4ae10"
  integrity sha512-Y4XFY5VJAuw0FgAqPNd6NNoV44jbq9Bz2L7Rh/J6jLTiHBSBJa9fxqQIvkIld4GsoDOcCbvzOUAbLPsSKKg+uA==

"@types/node@*":
  version "18.15.3"
  resolved "https://registry.npmmirror.com/@types/node/-/node-18.15.3.tgz#f0b991c32cfc6a4e7f3399d6cb4b8cf9a0315014"
  integrity sha512-p6ua9zBxz5otCmbpb5D3U4B5Nanw6Pk3PPyX05xnxbB/fRv71N7CPmORg7uAD5P70T0xmx1pzAx/FUfa5X+3cw==

"@types/node@16":
  version "16.18.16"
  resolved "https://registry.npmmirror.com/@types/node/-/node-16.18.16.tgz#09ff98b144abae2d7cce3e9fe9040ab2bf73222c"
  integrity sha512-ZOzvDRWp8dCVBmgnkIqYCArgdFOO9YzocZp8Ra25N/RStKiWvMOXHMz+GjSeVNe5TstaTmTWPucGJkDw0XXJWA==

"@types/passport-strategy@^0.2.35":
  version "0.2.35"
  resolved "https://registry.npmmirror.com/@types/passport-strategy/-/passport-strategy-0.2.35.tgz#e52f5212279ea73f02d9b06af67efe9cefce2d0c"
  integrity sha512-o5D19Jy2XPFoX2rKApykY15et3Apgax00RRLf0RUotPDUsYrQa7x4howLYr9El2mlUApHmCMv5CZ1IXqKFQ2+g==
  dependencies:
    "@types/express" "*"
    "@types/passport" "*"

"@types/passport@*":
  version "1.0.12"
  resolved "https://registry.npmmirror.com/@types/passport/-/passport-1.0.12.tgz#7dc8ab96a5e895ec13688d9e3a96920a7f42e73e"
  integrity sha512-QFdJ2TiAEoXfEQSNDISJR1Tm51I78CymqcBa8imbjo6dNNu+l2huDxxbDEIoFIwOSKMkOfHEikyDuZ38WwWsmw==
  dependencies:
    "@types/express" "*"

"@types/qs@*":
  version "6.9.7"
  resolved "https://registry.npmmirror.com/@types/qs/-/qs-6.9.7.tgz#63bb7d067db107cc1e457c303bc25d511febf6cb"
  integrity sha512-FGa1F62FT09qcrueBA6qYTrJPVDzah9a+493+o2PCXsesWHIn27G98TsSMs3WPNbZIEj4+VJf6saSFpvD+3Zsw==

"@types/range-parser@*":
  version "1.2.4"
  resolved "https://registry.npmmirror.com/@types/range-parser/-/range-parser-1.2.4.tgz#cd667bcfdd025213aafb7ca5915a932590acdcdc"
  integrity sha512-EEhsLsD6UsDM1yFhAvy0Cjr6VwmpMWqFBCb9w07wVugF7w9nfajxLuVmngTIpgS6svCnm6Vaw+MZhoDCKnOfsw==

"@types/serve-static@*":
  version "1.15.1"
  resolved "https://registry.npmmirror.com/@types/serve-static/-/serve-static-1.15.1.tgz#86b1753f0be4f9a1bee68d459fcda5be4ea52b5d"
  integrity sha512-NUo5XNiAdULrJENtJXZZ3fHtfMolzZwczzBbnAeBbqBwG+LaG6YaJtuwzwGSQZ2wsCrxjEhNNjAkKigy3n8teQ==
  dependencies:
    "@types/mime" "*"
    "@types/node" "*"

paseto@^3.1.2:
  version "3.1.2"
  resolved "https://registry.npmmirror.com/paseto/-/paseto-3.1.2.tgz#55a1acde1ab1f0078c62e28726681ffadff5fd96"
  integrity sha512-TNmRcQFF7xRnkLnJ07gCD5lRB273V4fU1pCy8G2P9CQjffIzKMYa3e8yo6LlrCCjIdv4jjS85Cfz86hl5SHzng==

passport-strategy@^1.0.0:
  version "1.0.0"
  resolved "https://registry.npmmirror.com/passport-strategy/-/passport-strategy-1.0.0.tgz#b5539aa8fc225a3d1ad179476ddf236b440f52e4"
  integrity sha512-CB97UUvDKJde2V0KDWWB3lyf6PC3FaZP7YxZ2G8OAtn9p4HI9j9JLP9qjOGZFvyl8uwNT8qM+hGnz/n16NI7oA==

typescript@^5.0.2:
  version "5.0.2"
  resolved "https://registry.npmmirror.com/typescript/-/typescript-5.0.2.tgz#891e1a90c5189d8506af64b9ef929fca99ba1ee5"
  integrity sha512-wVORMBGO/FAs/++blGNeAVdbNKtIh1rbBL2EyQ1+J9lClJ93KiiKe8PmFIVdXhHcyv44SL9oglmfeSsndo0jRw==
